
Microsoft Visual Studio Solution File, Format Version 12.00
# Visual Studio Version 17
VisualStudioVersion = 17.7.34031.279
MinimumVisualStudioVersion = 10.0.40219.1
Project("{FAE04EC0-301F-11D3-BF4B-00C04F79EFBC}") = "AcessandoBancoDeDadosExercicioProduto", "AcessandoBancoDeDadosExercicioProduto\AcessandoBancoDeDadosExercicioProduto.csproj", "{E2BB158E-25A2-4159-B76B-4D7E5E1B3594}"
EndProject
Global
	GlobalSection(SolutionConfigurationPlatforms) = preSolution
		Debug|Any CPU = Debug|Any CPU
		Release|Any CPU = Release|Any CPU
	EndGlobalSection
	GlobalSection(ProjectConfigurationPlatforms) = postSolution
		{E2BB158E-25A2-4159-B76B-4D7E5E1B3594}.Debug|Any CPU.ActiveCfg = Debug|Any CPU
		{E2BB158E-25A2-4159-B76B-4D7E5E1B3594}.Debug|Any CPU.Build.0 = Debug|Any CPU
		{E2BB158E-25A2-4159-B76B-4D7E5E1B3594}.Release|Any CPU.ActiveCfg = Release|Any CPU
		{E2BB158E-25A2-4159-B76B-4D7E5E1B3594}.Release|Any CPU.Build.0 = Release|Any CPU
	EndGlobalSection
	GlobalSection(SolutionProperties) = preSolution
		HideSolutionNode = FALSE
	EndGlobalSection
	GlobalSection(ExtensibilityGlobals) = postSolution
		SolutionGuid = {77454760-81DC-4FEA-8F19-2F65611B3EAD}
	EndGlobalSection
EndGlobal
